
Microsoft Visual Studio Solution File, Format Version 12.00
# Visual Studio Version 17
VisualStudioVersion = 17.5.33627.172
MinimumVisualStudioVersion = 10.0.40219.1
Project("{2150E333-8FDC-42A3-9474-1A3956D46DE8}") = "src", "src", "{B8CCE920-526C-49CD-B06A-817DFC15049A}"
EndProject
Project("{2150E333-8FDC-42A3-9474-1A3956D46DE8}") = "test", "test", "{030EE61C-287D-4FDD-A092-C10F9F896FC9}"
EndProject
Project("{2150E333-8FDC-42A3-9474-1A3956D46DE8}") = "API", "API", "{EF134B68-1E54-4075-BFBF-C129CC234431}"
EndProject
Project("{2150E333-8FDC-42A3-9474-1A3956D46DE8}") = "Core", "Core", "{9A34BAC7-610D-4A34-8483-BC6CC89D681B}"
EndProject
Project("{2150E333-8FDC-42A3-9474-1A3956D46DE8}") = "Infrastructure", "Infrastructure", "{14234D61-AEEB-4D56-81BE-8467F85BDE87}"
EndProject
Project("{9A19103F-16F7-4668-BE54-9A1E7A4F7556}") = "ShopApi.Domain", "ShopApi.Domain\ShopApi.Domain.csproj", "{7F52E336-6E08-4EFB-BAD8-8D2089C3AC1E}"
EndProject
Project("{9A19103F-16F7-4668-BE54-9A1E7A4F7556}") = "ShopApi.Application", "ShopApi.Application\ShopApi.Application.csproj", "{9FEA40F5-4972-4081-93B0-7E0267004537}"
EndProject
Project("{FAE04EC0-301F-11D3-BF4B-00C04F79EFBC}") = "ShopApi.Persistence", "ShopApi.Persistence\ShopApi.Persistence.csproj", "{4E7F5B63-46A1-419D-B300-410F7B9EBA4F}"
EndProject
Project("{FAE04EC0-301F-11D3-BF4B-00C04F79EFBC}") = "ShopApi.Api", "ShopApi.Api\ShopApi.Api.csproj", "{F5442A3E-7B2D-453C-90C3-F232480D6A22}"
EndProject
Project("{FAE04EC0-301F-11D3-BF4B-00C04F79EFBC}") = "ShopApi.Identity", "ShopApi.Identity\ShopApi.Identity.csproj", "{1F568CF2-13CB-4B00-88BF-2A774F74C75B}"
EndProject
Project("{FAE04EC0-301F-11D3-BF4B-00C04F79EFBC}") = "ShopApi.Infrastructure", "ShopApi.Infrastructure\ShopApi.Infrastructure.csproj", "{0D2284FF-D5AD-46A9-88FB-C08098A47FDB}"
EndProject
Global
	GlobalSection(SolutionConfigurationPlatforms) = preSolution
		Debug|Any CPU = Debug|Any CPU
		Release|Any CPU = Release|Any CPU
	EndGlobalSection
	GlobalSection(ProjectConfigurationPlatforms) = postSolution
		{7F52E336-6E08-4EFB-BAD8-8D2089C3AC1E}.Debug|Any CPU.ActiveCfg = Debug|Any CPU
		{7F52E336-6E08-4EFB-BAD8-8D2089C3AC1E}.Debug|Any CPU.Build.0 = Debug|Any CPU
		{7F52E336-6E08-4EFB-BAD8-8D2089C3AC1E}.Release|Any CPU.ActiveCfg = Release|Any CPU
		{7F52E336-6E08-4EFB-BAD8-8D2089C3AC1E}.Release|Any CPU.Build.0 = Release|Any CPU
		{9FEA40F5-4972-4081-93B0-7E0267004537}.Debug|Any CPU.ActiveCfg = Debug|Any CPU
		{9FEA40F5-4972-4081-93B0-7E0267004537}.Debug|Any CPU.Build.0 = Debug|Any CPU
		{9FEA40F5-4972-4081-93B0-7E0267004537}.Release|Any CPU.ActiveCfg = Release|Any CPU
		{9FEA40F5-4972-4081-93B0-7E0267004537}.Release|Any CPU.Build.0 = Release|Any CPU
		{4E7F5B63-46A1-419D-B300-410F7B9EBA4F}.Debug|Any CPU.ActiveCfg = Debug|Any CPU
		{4E7F5B63-46A1-419D-B300-410F7B9EBA4F}.Debug|Any CPU.Build.0 = Debug|Any CPU
		{4E7F5B63-46A1-419D-B300-410F7B9EBA4F}.Release|Any CPU.ActiveCfg = Release|Any CPU
		{4E7F5B63-46A1-419D-B300-410F7B9EBA4F}.Release|Any CPU.Build.0 = Release|Any CPU
		{F5442A3E-7B2D-453C-90C3-F232480D6A22}.Debug|Any CPU.ActiveCfg = Debug|Any CPU
		{F5442A3E-7B2D-453C-90C3-F232480D6A22}.Debug|Any CPU.Build.0 = Debug|Any CPU
		{F5442A3E-7B2D-453C-90C3-F232480D6A22}.Release|Any CPU.ActiveCfg = Release|Any CPU
		{F5442A3E-7B2D-453C-90C3-F232480D6A22}.Release|Any CPU.Build.0 = Release|Any CPU
		{1F568CF2-13CB-4B00-88BF-2A774F74C75B}.Debug|Any CPU.ActiveCfg = Debug|Any CPU
		{1F568CF2-13CB-4B00-88BF-2A774F74C75B}.Debug|Any CPU.Build.0 = Debug|Any CPU
		{1F568CF2-13CB-4B00-88BF-2A774F74C75B}.Release|Any CPU.ActiveCfg = Release|Any CPU
		{1F568CF2-13CB-4B00-88BF-2A774F74C75B}.Release|Any CPU.Build.0 = Release|Any CPU
		{0D2284FF-D5AD-46A9-88FB-C08098A47FDB}.Debug|Any CPU.ActiveCfg = Debug|Any CPU
		{0D2284FF-D5AD-46A9-88FB-C08098A47FDB}.Debug|Any CPU.Build.0 = Debug|Any CPU
		{0D2284FF-D5AD-46A9-88FB-C08098A47FDB}.Release|Any CPU.ActiveCfg = Release|Any CPU
		{0D2284FF-D5AD-46A9-88FB-C08098A47FDB}.Release|Any CPU.Build.0 = Release|Any CPU
	EndGlobalSection
	GlobalSection(SolutionProperties) = preSolution
		HideSolutionNode = FALSE
	EndGlobalSection
	GlobalSection(NestedProjects) = preSolution
		{EF134B68-1E54-4075-BFBF-C129CC234431} = {B8CCE920-526C-49CD-B06A-817DFC15049A}
		{9A34BAC7-610D-4A34-8483-BC6CC89D681B} = {B8CCE920-526C-49CD-B06A-817DFC15049A}
		{14234D61-AEEB-4D56-81BE-8467F85BDE87} = {B8CCE920-526C-49CD-B06A-817DFC15049A}
		{7F52E336-6E08-4EFB-BAD8-8D2089C3AC1E} = {9A34BAC7-610D-4A34-8483-BC6CC89D681B}
		{9FEA40F5-4972-4081-93B0-7E0267004537} = {9A34BAC7-610D-4A34-8483-BC6CC89D681B}
		{4E7F5B63-46A1-419D-B300-410F7B9EBA4F} = {14234D61-AEEB-4D56-81BE-8467F85BDE87}
		{F5442A3E-7B2D-453C-90C3-F232480D6A22} = {EF134B68-1E54-4075-BFBF-C129CC234431}
		{1F568CF2-13CB-4B00-88BF-2A774F74C75B} = {14234D61-AEEB-4D56-81BE-8467F85BDE87}
		{0D2284FF-D5AD-46A9-88FB-C08098A47FDB} = {14234D61-AEEB-4D56-81BE-8467F85BDE87}
	EndGlobalSection
	GlobalSection(ExtensibilityGlobals) = postSolution
		SolutionGuid = {F466359F-400B-4C56-87BF-B43D243277C8}
	EndGlobalSection
EndGlobal
